
Microsoft Visual Studio Solution File, Format Version 12.00
# Visual Studio Version 16
VisualStudioVersion = 16.0.31005.135
MinimumVisualStudioVersion = 10.0.40219.1
Project("{2150E333-8FDC-42A3-9474-1A3956D46DE8}") = "Apps", "Apps", "{221259EB-9DEC-45B9-BB3E-4939D1ED316E}"
EndProject
Project("{2150E333-8FDC-42A3-9474-1A3956D46DE8}") = "Src", "Src", "{8436CF87-74F2-449C-9B87-6407C95C7DC7}"
EndProject
Project("{2150E333-8FDC-42A3-9474-1A3956D46DE8}") = "Producto", "Producto", "{6B742FB3-63E3-43E1-9628-426E9CECEFA0}"
EndProject
Project("{2150E333-8FDC-42A3-9474-1A3956D46DE8}") = "Shared", "Shared", "{DD777D70-263C-4C84-9796-6C2959A4957A}"
EndProject
Project("{9A19103F-16F7-4668-BE54-9A1E7A4F7556}") = "Entities", "Src\Shared\Entities\Entities.csproj", "{72406C1D-A901-496F-8CF1-C4ABEE767CC1}"
EndProject
Project("{2150E333-8FDC-42A3-9474-1A3956D46DE8}") = "BLL", "BLL", "{1E15F6E8-D11B-462B-B0FF-DFE5E5A67D7E}"
EndProject
Project("{2150E333-8FDC-42A3-9474-1A3956D46DE8}") = "DAL", "DAL", "{79BF027A-F00D-4EBE-AC5C-35FA402BBFAA}"
EndProject
Project("{9A19103F-16F7-4668-BE54-9A1E7A4F7556}") = "Repository", "Src\Producto\DAL\Repository\Repository.csproj", "{846D41E6-70D2-4AA4-A19C-825D17EB0814}"
EndProject
Project("{2150E333-8FDC-42A3-9474-1A3956D46DE8}") = "Services", "Services", "{24094DAB-3848-485B-A83F-4499EA5E3C8C}"
EndProject
Project("{9A19103F-16F7-4668-BE54-9A1E7A4F7556}") = "ProdutosServices", "Src\Producto\Services\ProdutosServices\ProdutosServices.csproj", "{BF5A975C-A427-463B-B064-ABDA0DA693D5}"
EndProject
Project("{9A19103F-16F7-4668-BE54-9A1E7A4F7556}") = "Business", "Src\Producto\BLL\Business\Business.csproj", "{AC0260F7-497D-4650-A3C3-DFD50F0348F9}"
EndProject
Project("{9A19103F-16F7-4668-BE54-9A1E7A4F7556}") = "JugueteriaApp", "Apps\JugueteriaApp\JugueteriaApp.csproj", "{DAB7B4DE-DE0F-4A5F-8551-3C4A70CB6F76}"
EndProject
Global
	GlobalSection(SolutionConfigurationPlatforms) = preSolution
		Debug|Any CPU = Debug|Any CPU
		Release|Any CPU = Release|Any CPU
	EndGlobalSection
	GlobalSection(ProjectConfigurationPlatforms) = postSolution
		{72406C1D-A901-496F-8CF1-C4ABEE767CC1}.Debug|Any CPU.ActiveCfg = Debug|Any CPU
		{72406C1D-A901-496F-8CF1-C4ABEE767CC1}.Debug|Any CPU.Build.0 = Debug|Any CPU
		{72406C1D-A901-496F-8CF1-C4ABEE767CC1}.Release|Any CPU.ActiveCfg = Release|Any CPU
		{72406C1D-A901-496F-8CF1-C4ABEE767CC1}.Release|Any CPU.Build.0 = Release|Any CPU
		{846D41E6-70D2-4AA4-A19C-825D17EB0814}.Debug|Any CPU.ActiveCfg = Debug|Any CPU
		{846D41E6-70D2-4AA4-A19C-825D17EB0814}.Debug|Any CPU.Build.0 = Debug|Any CPU
		{846D41E6-70D2-4AA4-A19C-825D17EB0814}.Release|Any CPU.ActiveCfg = Release|Any CPU
		{846D41E6-70D2-4AA4-A19C-825D17EB0814}.Release|Any CPU.Build.0 = Release|Any CPU
		{BF5A975C-A427-463B-B064-ABDA0DA693D5}.Debug|Any CPU.ActiveCfg = Debug|Any CPU
		{BF5A975C-A427-463B-B064-ABDA0DA693D5}.Debug|Any CPU.Build.0 = Debug|Any CPU
		{BF5A975C-A427-463B-B064-ABDA0DA693D5}.Release|Any CPU.ActiveCfg = Release|Any CPU
		{BF5A975C-A427-463B-B064-ABDA0DA693D5}.Release|Any CPU.Build.0 = Release|Any CPU
		{AC0260F7-497D-4650-A3C3-DFD50F0348F9}.Debug|Any CPU.ActiveCfg = Debug|Any CPU
		{AC0260F7-497D-4650-A3C3-DFD50F0348F9}.Debug|Any CPU.Build.0 = Debug|Any CPU
		{AC0260F7-497D-4650-A3C3-DFD50F0348F9}.Release|Any CPU.ActiveCfg = Release|Any CPU
		{AC0260F7-497D-4650-A3C3-DFD50F0348F9}.Release|Any CPU.Build.0 = Release|Any CPU
		{DAB7B4DE-DE0F-4A5F-8551-3C4A70CB6F76}.Debug|Any CPU.ActiveCfg = Debug|Any CPU
		{DAB7B4DE-DE0F-4A5F-8551-3C4A70CB6F76}.Debug|Any CPU.Build.0 = Debug|Any CPU
		{DAB7B4DE-DE0F-4A5F-8551-3C4A70CB6F76}.Release|Any CPU.ActiveCfg = Release|Any CPU
		{DAB7B4DE-DE0F-4A5F-8551-3C4A70CB6F76}.Release|Any CPU.Build.0 = Release|Any CPU
	EndGlobalSection
	GlobalSection(SolutionProperties) = preSolution
		HideSolutionNode = FALSE
	EndGlobalSection
	GlobalSection(NestedProjects) = preSolution
		{6B742FB3-63E3-43E1-9628-426E9CECEFA0} = {8436CF87-74F2-449C-9B87-6407C95C7DC7}
		{DD777D70-263C-4C84-9796-6C2959A4957A} = {8436CF87-74F2-449C-9B87-6407C95C7DC7}
		{72406C1D-A901-496F-8CF1-C4ABEE767CC1} = {DD777D70-263C-4C84-9796-6C2959A4957A}
		{1E15F6E8-D11B-462B-B0FF-DFE5E5A67D7E} = {6B742FB3-63E3-43E1-9628-426E9CECEFA0}
		{79BF027A-F00D-4EBE-AC5C-35FA402BBFAA} = {6B742FB3-63E3-43E1-9628-426E9CECEFA0}
		{846D41E6-70D2-4AA4-A19C-825D17EB0814} = {79BF027A-F00D-4EBE-AC5C-35FA402BBFAA}
		{24094DAB-3848-485B-A83F-4499EA5E3C8C} = {6B742FB3-63E3-43E1-9628-426E9CECEFA0}
		{BF5A975C-A427-463B-B064-ABDA0DA693D5} = {24094DAB-3848-485B-A83F-4499EA5E3C8C}
		{AC0260F7-497D-4650-A3C3-DFD50F0348F9} = {1E15F6E8-D11B-462B-B0FF-DFE5E5A67D7E}
		{DAB7B4DE-DE0F-4A5F-8551-3C4A70CB6F76} = {221259EB-9DEC-45B9-BB3E-4939D1ED316E}
	EndGlobalSection
	GlobalSection(ExtensibilityGlobals) = postSolution
		SolutionGuid = {4B4012B5-31DD-45C9-A4CB-BBE6044A11EC}
	EndGlobalSection
EndGlobal
